
Microsoft Visual Studio Solution File, Format Version 12.00
# Visual Studio 2013
VisualStudioVersion = 12.0.21005.1
MinimumVisualStudioVersion = 10.0.40219.1
Project("{FAE04EC0-301F-11D3-BF4B-00C04F79EFBC}") = "uKnow.Web", "uKnow.Web\uKnow.Web.csproj", "{C6845C95-B864-465F-80BC-92F572166C71}"
EndProject
Project("{FAE04EC0-301F-11D3-BF4B-00C04F79EFBC}") = "uKnow.Web.Tests", "uKnow.Web.Tests\uKnow.Web.Tests.csproj", "{01983FAD-4EEF-4DD3-B89B-D0429CF66916}"
EndProject
Global
	GlobalSection(SolutionConfigurationPlatforms) = preSolution
		Debug|Any CPU = Debug|Any CPU
		Release|Any CPU = Release|Any CPU
	EndGlobalSection
	GlobalSection(ProjectConfigurationPlatforms) = postSolution
		{C6845C95-B864-465F-80BC-92F572166C71}.Debug|Any CPU.ActiveCfg = Debug|Any CPU
		{C6845C95-B864-465F-80BC-92F572166C71}.Debug|Any CPU.Build.0 = Debug|Any CPU
		{C6845C95-B864-465F-80BC-92F572166C71}.Release|Any CPU.ActiveCfg = Release|Any CPU
		{C6845C95-B864-465F-80BC-92F572166C71}.Release|Any CPU.Build.0 = Release|Any CPU
		{01983FAD-4EEF-4DD3-B89B-D0429CF66916}.Debug|Any CPU.ActiveCfg = Debug|Any CPU
		{01983FAD-4EEF-4DD3-B89B-D0429CF66916}.Debug|Any CPU.Build.0 = Debug|Any CPU
		{01983FAD-4EEF-4DD3-B89B-D0429CF66916}.Release|Any CPU.ActiveCfg = Release|Any CPU
		{01983FAD-4EEF-4DD3-B89B-D0429CF66916}.Release|Any CPU.Build.0 = Release|Any CPU
	EndGlobalSection
	GlobalSection(SolutionProperties) = preSolution
		HideSolutionNode = FALSE
	EndGlobalSection
EndGlobal
